{
  "pins" : [
    {
      "identity" : "swiftopentdb",
      "kind" : "remoteSourceControl",
      "location" : "https://github.com/tinotusa/SwiftOpenTDB",
      "state" : {
        "branch" : "main",
        "revision" : "4ad0e2d44da076a62ac58fe1f2795030c0a6325e"
      }
    }
  ],
  "version" : 2
}
