{
  "pins" : [
    {
      "identity" : "swiftopentdb",
      "kind" : "remoteSourceControl",
      "location" : "https://github.com/tinotusa/SwiftOpenTDB",
      "state" : {
        "branch" : "main",
        "revision" : "c515d4fa7d59440226a042c2c61e6277be909b9c"
      }
    }
  ],
  "version" : 2
}
